
Microsoft Visual Studio Solution File, Format Version 12.00
# Visual Studio 2013
VisualStudioVersion = 12.0.21005.1
MinimumVisualStudioVersion = 10.0.40219.1
Project("{FAE04EC0-301F-11D3-BF4B-00C04F79EFBC}") = "Menu", "Menu\Menu\Menu.csproj", "{AFA079BD-754E-4532-897F-230554C9734B}"
EndProject
Project("{FAE04EC0-301F-11D3-BF4B-00C04F79EFBC}") = "MenuContent", "Menu\MenuContent\MenuContent.contentproj", "{D818E79B-3047-404B-948C-373FEFAF39DD}"
EndProject
Global
	GlobalSection(SolutionConfigurationPlatforms) = preSolution
		Debug|x86 = Debug|x86
		Release|x86 = Release|x86
	EndGlobalSection
	GlobalSection(ProjectConfigurationPlatforms) = postSolution
		{AFA079BD-754E-4532-897F-230554C9734B}.Debug|x86.ActiveCfg = Debug|x86
		{AFA079BD-754E-4532-897F-230554C9734B}.Debug|x86.Build.0 = Debug|x86
		{AFA079BD-754E-4532-897F-230554C9734B}.Release|x86.ActiveCfg = Release|x86
		{AFA079BD-754E-4532-897F-230554C9734B}.Release|x86.Build.0 = Release|x86
		{D818E79B-3047-404B-948C-373FEFAF39DD}.Debug|x86.ActiveCfg = Debug|x86
		{D818E79B-3047-404B-948C-373FEFAF39DD}.Release|x86.ActiveCfg = Release|x86
	EndGlobalSection
	GlobalSection(SolutionProperties) = preSolution
		HideSolutionNode = FALSE
	EndGlobalSection
EndGlobal
